
Microsoft Visual Studio Solution File, Format Version 12.00
# Visual Studio 2013
VisualStudioVersion = 12.0.21005.1
MinimumVisualStudioVersion = 10.0.40219.1
Project("{FAE04EC0-301F-11D3-BF4B-00C04F79EFBC}") = "MyFinance.Web", "MyFinance.Web\MyFinance.Web.csproj", "{2FD817CC-094D-4E4B-9DBC-0B726FA104BD}"
EndProject
Project("{FAE04EC0-301F-11D3-BF4B-00C04F79EFBC}") = "MyFinance.Service", "MyFinance.Service\MyFinance.Service.csproj", "{9BE6AD29-C3DF-43C9-BCDB-A8322F94F5C7}"
EndProject
Project("{FAE04EC0-301F-11D3-BF4B-00C04F79EFBC}") = "MyFinance.Data", "MyFinance.Data\MyFinance.Data.csproj", "{D7D984FC-F5BF-4584-BBFC-A48850662D75}"
EndProject
Project("{FAE04EC0-301F-11D3-BF4B-00C04F79EFBC}") = "MyFinance.Domain", "MyFinance.Domain\MyFinance.Domain.csproj", "{7FA5CD70-9ABC-4125-B71B-4B878613A45C}"
EndProject
Global
	GlobalSection(SolutionConfigurationPlatforms) = preSolution
		Debug|Any CPU = Debug|Any CPU
		Release|Any CPU = Release|Any CPU
	EndGlobalSection
	GlobalSection(ProjectConfigurationPlatforms) = postSolution
		{2FD817CC-094D-4E4B-9DBC-0B726FA104BD}.Debug|Any CPU.ActiveCfg = Debug|Any CPU
		{2FD817CC-094D-4E4B-9DBC-0B726FA104BD}.Debug|Any CPU.Build.0 = Debug|Any CPU
		{2FD817CC-094D-4E4B-9DBC-0B726FA104BD}.Release|Any CPU.ActiveCfg = Release|Any CPU
		{2FD817CC-094D-4E4B-9DBC-0B726FA104BD}.Release|Any CPU.Build.0 = Release|Any CPU
		{9BE6AD29-C3DF-43C9-BCDB-A8322F94F5C7}.Debug|Any CPU.ActiveCfg = Debug|Any CPU
		{9BE6AD29-C3DF-43C9-BCDB-A8322F94F5C7}.Debug|Any CPU.Build.0 = Debug|Any CPU
		{9BE6AD29-C3DF-43C9-BCDB-A8322F94F5C7}.Release|Any CPU.ActiveCfg = Release|Any CPU
		{9BE6AD29-C3DF-43C9-BCDB-A8322F94F5C7}.Release|Any CPU.Build.0 = Release|Any CPU
		{D7D984FC-F5BF-4584-BBFC-A48850662D75}.Debug|Any CPU.ActiveCfg = Debug|Any CPU
		{D7D984FC-F5BF-4584-BBFC-A48850662D75}.Debug|Any CPU.Build.0 = Debug|Any CPU
		{D7D984FC-F5BF-4584-BBFC-A48850662D75}.Release|Any CPU.ActiveCfg = Release|Any CPU
		{D7D984FC-F5BF-4584-BBFC-A48850662D75}.Release|Any CPU.Build.0 = Release|Any CPU
		{7FA5CD70-9ABC-4125-B71B-4B878613A45C}.Debug|Any CPU.ActiveCfg = Debug|Any CPU
		{7FA5CD70-9ABC-4125-B71B-4B878613A45C}.Debug|Any CPU.Build.0 = Debug|Any CPU
		{7FA5CD70-9ABC-4125-B71B-4B878613A45C}.Release|Any CPU.ActiveCfg = Release|Any CPU
		{7FA5CD70-9ABC-4125-B71B-4B878613A45C}.Release|Any CPU.Build.0 = Release|Any CPU
	EndGlobalSection
	GlobalSection(SolutionProperties) = preSolution
		HideSolutionNode = FALSE
	EndGlobalSection
EndGlobal
